{
  "name": "@entryline/gifstream",
  "version": "1.2.0",
  "lockfileVersion": 1,
  "requires": true,
  "dependencies": {
    "bluebird": {
      "version": "3.5.5",
      "resolved": "https://registry.npmjs.org/bluebird/-/bluebird-3.5.5.tgz",
      "integrity": "sha512-5am6HnnfN+urzt4yfg7IgTbotDjIT/u8AJpEt0sIU9FtXfVeezXAPKswrG+xKUCOYAINpSdgZVDU6QFh+cuH3w=="
    },
    "web-streams-polyfill": {
      "version": "2.0.4",
      "resolved": "https://registry.npmjs.org/web-streams-polyfill/-/web-streams-polyfill-2.0.4.tgz",
      "integrity": "sha512-hsLbiIZou2pZoht4VxfITEbCUz09YhZaaYFNICaZo7SOJrtW3/35LsJoAXeB8HITOlKpuWU0tFvtItOS2PpbsA=="
    }
  }
}
